
Microsoft Visual Studio Solution File, Format Version 12.00
# Visual Studio Version 16
VisualStudioVersion = 16.0.31205.134
MinimumVisualStudioVersion = 10.0.40219.1
Project("{FAE04EC0-301F-11D3-BF4B-00C04F79EFBC}") = "Code", "Code.csproj", "{CAFB3766-6506-4FA5-B063-FB72D15A7F78}"
EndProject
Global
	GlobalSection(SolutionConfigurationPlatforms) = preSolution
		Debug|Any CPU = Debug|Any CPU
		Release|Any CPU = Release|Any CPU
	EndGlobalSection
	GlobalSection(ProjectConfigurationPlatforms) = postSolution
		{CAFB3766-6506-4FA5-B063-FB72D15A7F78}.Debug|Any CPU.ActiveCfg = Debug|Any CPU
		{CAFB3766-6506-4FA5-B063-FB72D15A7F78}.Debug|Any CPU.Build.0 = Debug|Any CPU
		{CAFB3766-6506-4FA5-B063-FB72D15A7F78}.Release|Any CPU.ActiveCfg = Release|Any CPU
		{CAFB3766-6506-4FA5-B063-FB72D15A7F78}.Release|Any CPU.Build.0 = Release|Any CPU
	EndGlobalSection
	GlobalSection(SolutionProperties) = preSolution
		HideSolutionNode = FALSE
	EndGlobalSection
	GlobalSection(ExtensibilityGlobals) = postSolution
		SolutionGuid = {814A112C-9934-4A29-B030-9B4C40EFDFC5}
	EndGlobalSection
EndGlobal
